
Microsoft Visual Studio Solution File, Format Version 12.00
# Visual Studio Version 17
VisualStudioVersion = 17.5.33424.131
MinimumVisualStudioVersion = 10.0.40219.1
Project("{FAE04EC0-301F-11D3-BF4B-00C04F79EFBC}") = "MinhasNotas", "MinhasNotas\MinhasNotas.csproj", "{401763A8-065E-43C4-B7E0-CA41CF27DC9C}"
EndProject
Global
	GlobalSection(SolutionConfigurationPlatforms) = preSolution
		Debug|Any CPU = Debug|Any CPU
		Release|Any CPU = Release|Any CPU
	EndGlobalSection
	GlobalSection(ProjectConfigurationPlatforms) = postSolution
		{401763A8-065E-43C4-B7E0-CA41CF27DC9C}.Debug|Any CPU.ActiveCfg = Debug|Any CPU
		{401763A8-065E-43C4-B7E0-CA41CF27DC9C}.Debug|Any CPU.Build.0 = Debug|Any CPU
		{401763A8-065E-43C4-B7E0-CA41CF27DC9C}.Release|Any CPU.ActiveCfg = Release|Any CPU
		{401763A8-065E-43C4-B7E0-CA41CF27DC9C}.Release|Any CPU.Build.0 = Release|Any CPU
	EndGlobalSection
	GlobalSection(SolutionProperties) = preSolution
		HideSolutionNode = FALSE
	EndGlobalSection
	GlobalSection(ExtensibilityGlobals) = postSolution
		SolutionGuid = {FCCB0A1A-123C-4E20-9849-69F63BCAC0D5}
	EndGlobalSection
EndGlobal
